
Microsoft Visual Studio Solution File, Format Version 12.00
# Visual Studio Version 16
VisualStudioVersion = 16.0.31112.23
MinimumVisualStudioVersion = 10.0.40219.1
Project("{9A19103F-16F7-4668-BE54-9A1E7A4F7556}") = "Core", "Core.csproj", "{1FCD7AE1-89E5-451B-9A97-BC4D0B31A064}"
EndProject
Project("{9A19103F-16F7-4668-BE54-9A1E7A4F7556}") = "RssFeed", "RssFeed\RssFeed.csproj", "{2C5B68D4-2F20-42A2-A27E-9792A398E606}"
EndProject
Project("{9A19103F-16F7-4668-BE54-9A1E7A4F7556}") = "SomeTests", "SomeTests\SomeTests.csproj", "{F93C43CA-A1B9-441A-A4CE-1D8727405A98}"
EndProject
Global
	GlobalSection(SolutionConfigurationPlatforms) = preSolution
		Debug|Any CPU = Debug|Any CPU
		Release|Any CPU = Release|Any CPU
	EndGlobalSection
	GlobalSection(ProjectConfigurationPlatforms) = postSolution
		{1FCD7AE1-89E5-451B-9A97-BC4D0B31A064}.Debug|Any CPU.ActiveCfg = Debug|Any CPU
		{1FCD7AE1-89E5-451B-9A97-BC4D0B31A064}.Debug|Any CPU.Build.0 = Debug|Any CPU
		{1FCD7AE1-89E5-451B-9A97-BC4D0B31A064}.Release|Any CPU.ActiveCfg = Release|Any CPU
		{1FCD7AE1-89E5-451B-9A97-BC4D0B31A064}.Release|Any CPU.Build.0 = Release|Any CPU
		{2C5B68D4-2F20-42A2-A27E-9792A398E606}.Debug|Any CPU.ActiveCfg = Debug|Any CPU
		{2C5B68D4-2F20-42A2-A27E-9792A398E606}.Debug|Any CPU.Build.0 = Debug|Any CPU
		{2C5B68D4-2F20-42A2-A27E-9792A398E606}.Release|Any CPU.ActiveCfg = Release|Any CPU
		{2C5B68D4-2F20-42A2-A27E-9792A398E606}.Release|Any CPU.Build.0 = Release|Any CPU
		{F93C43CA-A1B9-441A-A4CE-1D8727405A98}.Debug|Any CPU.ActiveCfg = Debug|Any CPU
		{F93C43CA-A1B9-441A-A4CE-1D8727405A98}.Debug|Any CPU.Build.0 = Debug|Any CPU
		{F93C43CA-A1B9-441A-A4CE-1D8727405A98}.Release|Any CPU.ActiveCfg = Release|Any CPU
		{F93C43CA-A1B9-441A-A4CE-1D8727405A98}.Release|Any CPU.Build.0 = Release|Any CPU
	EndGlobalSection
	GlobalSection(SolutionProperties) = preSolution
		HideSolutionNode = FALSE
	EndGlobalSection
	GlobalSection(ExtensibilityGlobals) = postSolution
		SolutionGuid = {7730E9EE-9E0B-4C09-A095-0A6297FE7D3D}
	EndGlobalSection
EndGlobal
